
Microsoft Visual Studio Solution File, Format Version 12.00
# Visual Studio Version 17
VisualStudioVersion = 17.8.34330.188
MinimumVisualStudioVersion = 10.0.40219.1
Project("{888888A0-9F3D-457C-B088-3A5042F75D52}") = "MovieGuide2", "MovieGuide2.pyproj", "{A33B29AB-D2A1-4400-AFC2-6A8EB9C76503}"
EndProject
Global
	GlobalSection(SolutionConfigurationPlatforms) = preSolution
		Debug|Any CPU = Debug|Any CPU
		Release|Any CPU = Release|Any CPU
	EndGlobalSection
	GlobalSection(ProjectConfigurationPlatforms) = postSolution
		{A33B29AB-D2A1-4400-AFC2-6A8EB9C76503}.Debug|Any CPU.ActiveCfg = Debug|Any CPU
		{A33B29AB-D2A1-4400-AFC2-6A8EB9C76503}.Release|Any CPU.ActiveCfg = Release|Any CPU
	EndGlobalSection
	GlobalSection(SolutionProperties) = preSolution
		HideSolutionNode = FALSE
	EndGlobalSection
	GlobalSection(ExtensibilityGlobals) = postSolution
		SolutionGuid = {63341389-2AF4-4BE5-81C6-F01018DB1F10}
	EndGlobalSection
EndGlobal
